
Microsoft Visual Studio Solution File, Format Version 12.00
# Visual Studio Version 16
VisualStudioVersion = 16.0.30413.136
MinimumVisualStudioVersion = 10.0.40219.1
Project("{FAE04EC0-301F-11D3-BF4B-00C04F79EFBC}") = "MedalHotkeyListener", "MedalHotkeyListener\MedalHotkeyListener.csproj", "{40FD525B-7CA4-452E-B2B2-D3BD181C0ED4}"
EndProject
Global
	GlobalSection(SolutionConfigurationPlatforms) = preSolution
		Debug|Any CPU = Debug|Any CPU
		Release|Any CPU = Release|Any CPU
	EndGlobalSection
	GlobalSection(ProjectConfigurationPlatforms) = postSolution
		{40FD525B-7CA4-452E-B2B2-D3BD181C0ED4}.Debug|Any CPU.ActiveCfg = Debug|Any CPU
		{40FD525B-7CA4-452E-B2B2-D3BD181C0ED4}.Debug|Any CPU.Build.0 = Debug|Any CPU
		{40FD525B-7CA4-452E-B2B2-D3BD181C0ED4}.Release|Any CPU.ActiveCfg = Release|Any CPU
		{40FD525B-7CA4-452E-B2B2-D3BD181C0ED4}.Release|Any CPU.Build.0 = Release|Any CPU
	EndGlobalSection
	GlobalSection(SolutionProperties) = preSolution
		HideSolutionNode = FALSE
	EndGlobalSection
	GlobalSection(ExtensibilityGlobals) = postSolution
		SolutionGuid = {38A2ABA7-4F6C-4ADE-920F-269DBD23CE47}
	EndGlobalSection
EndGlobal
